// !$*UTF8*$!
{
	archiveVersion = 1;
	classes = {
	};
	objectVersion = 50;
	objects = {

/* Begin PBXBuildFile section */
		92C3CD4D261D39CD0089B7C5 /* AppDelegate.swift in Sources */ = {isa = PBXBuildFile; fileRef = 92C3CD4C261D39CD0089B7C5 /* AppDelegate.swift */; };
		92C3CD4F261D39CD0089B7C5 /* SceneDelegate.swift in Sources */ = {isa = PBXBuildFile; fileRef = 92C3CD4E261D39CD0089B7C5 /* SceneDelegate.swift */; };
		92C3CD51261D39CD0089B7C5 /* ViewController.swift in Sources */ = {isa = PBXBuildFile; fileRef = 92C3CD50261D39CD0089B7C5 /* ViewController.swift */; };
		92C3CD54261D39CD0089B7C5 /* Main.storyboard in Resources */ = {isa = PBXBuildFile; fileRef = 92C3CD52261D39CD0089B7C5 /* Main.storyboard */; };
		92C3CD57261D39CD0089B7C5 /* BookStore_2.xcdatamodeld in Sources */ = {isa = PBXBuildFile; fileRef = 92C3CD55261D39CD0089B7C5 /* BookStore_2.xcdatamodeld */; };
		92C3CD59261D39CF0089B7C5 /* Assets.xcassets in Resources */ = {isa = PBXBuildFile; fileRef = 92C3CD58261D39CF0089B7C5 /* Assets.xcassets */; };
		92C3CD5C261D39CF0089B7C5 /* LaunchScreen.storyboard in Resources */ = {isa = PBXBuildFile; fileRef = 92C3CD5A261D39CF0089B7C5 /* LaunchScreen.storyboard */; };
/* End PBXBuildFile section */

/* Begin PBXFileReference section */
		92C3CD49261D39CD0089B7C5 /* BookStore_2.app */ = {isa = PBXFileReference; explicitFileType = wrapper.application; includeInIndex = 0; path = BookStore_2.app; sourceTree = BUILT_PRODUCTS_DIR; };
		92C3CD4C261D39CD0089B7C5 /* AppDelegate.swift */ = {isa = PBXFileReference; lastKnownFileType = sourcecode.swift; path = AppDelegate.swift; sourceTree = "<group>"; };
		92C3CD4E261D39CD0089B7C5 /* SceneDelegate.swift */ = {isa = PBXFileReference; lastKnownFileType = sourcecode.swift; path = SceneDelegate.swift; sourceTree = "<group>"; };
		92C3CD50261D39CD0089B7C5 /* ViewController.swift */ = {isa = PBXFileReference; lastKnownFileType = sourcecode.swift; path = ViewController.swift; sourceTree = "<group>"; };
		92C3CD53261D39CD0089B7C5 /* Base */ = {isa = PBXFileReference; lastKnownFileType = file.storyboard; name = Base; path = Base.lproj/Main.storyboard; sourceTree = "<group>"; };
		92C3CD56261D39CD0089B7C5 /* BookStore_2.xcdatamodel */ = {isa = PBXFileReference; lastKnownFileType = wrapper.xcdatamodel; path = BookStore_2.xcdatamodel; sourceTree = "<group>"; };
		92C3CD58261D39CF0089B7C5 /* Assets.xcassets */ = {isa = PBXFileReference; lastKnownFileType = folder.assetcatalog; path = Assets.xcassets; sourceTree = "<group>"; };
		92C3CD5B261D39CF0089B7C5 /* Base */ = {isa = PBXFileReference; lastKnownFileType = file.storyboard; name = Base; path = Base.lproj/LaunchScreen.storyboard; sourceTree = "<group>"; };
		92C3CD5D261D39CF0089B7C5 /* Info.plist */ = {isa = PBXFileReference; lastKnownFileType = text.plist.xml; path = Info.plist; sourceTree = "<group>"; };
/* End PBXFileReference section */

/* Begin PBXFrameworksBuildPhase section */
		92C3CD46261D39CD0089B7C5 /* Frameworks */ = {
			isa = PBXFrameworksBuildPhase;
			buildActionMask = 2147483647;
			files = (
			);
			runOnlyForDeploymentPostprocessing = 0;
		};
/* End PBXFrameworksBuildPhase section */

/* Begin PBXGroup section */
		92C3CD40261D39CD0089B7C5 = {
			isa = PBXGroup;
			children = (
				92C3CD4B261D39CD0089B7C5 /* BookStore_2 */,
				92C3CD4A261D39CD0089B7C5 /* Products */,
			);
			sourceTree = "<group>";
		};
		92C3CD4A261D39CD0089B7C5 /* Products */ = {
			isa = PBXGroup;
			children = (
				92C3CD49261D39CD0089B7C5 /* BookStore_2.app */,
			);
			name = Products;
			sourceTree = "<group>";
		};
		92C3CD4B261D39CD0089B7C5 /* BookStore_2 */ = {
			isa = PBXGroup;
			children = (
				92C3CD4C261D39CD0089B7C5 /* AppDelegate.swift */,
				92C3CD4E261D39CD0089B7C5 /* SceneDelegate.swift */,
				92C3CD50261D39CD0089B7C5 /* ViewController.swift */,
				92C3CD52261D39CD0089B7C5 /* Main.storyboard */,
				92C3CD58261D39CF0089B7C5 /* Assets.xcassets */,
				92C3CD5A261D39CF0089B7C5 /* LaunchScreen.storyboard */,
				92C3CD5D261D39CF0089B7C5 /* Info.plist */,
				92C3CD55261D39CD0089B7C5 /* BookStore_2.xcdatamodeld */,
			);
			path = BookStore_2;
			sourceTree = "<group>";
		};
/* End PBXGroup section */

/* Begin PBXNativeTarget section */
		92C3CD48261D39CD0089B7C5 /* BookStore_2 */ = {
			isa = PBXNativeTarget;
			buildConfigurationList = 92C3CD60261D39CF0089B7C5 /* Build configuration list for PBXNativeTarget "BookStore_2" */;
			buildPhases = (
				92C3CD45261D39CD0089B7C5 /* Sources */,
				92C3CD46261D39CD0089B7C5 /* Frameworks */,
				92C3CD47261D39CD0089B7C5 /* Resources */,
			);
			buildRules = (
			);
			dependencies = (
			);
			name = BookStore_2;
			productName = BookStore_2;
			productReference = 92C3CD49261D39CD0089B7C5 /* BookStore_2.app */;
			productType = "com.apple.product-type.application";
		};
/* End PBXNativeTarget section */

/* Begin PBXProject section */
		92C3CD41261D39CD0089B7C5 /* Project object */ = {
			isa = PBXProject;
			attributes = {
				LastSwiftUpdateCheck = 1200;
				LastUpgradeCheck = 1200;
				TargetAttributes = {
					92C3CD48261D39CD0089B7C5 = {
						CreatedOnToolsVersion = 12.0.1;
					};
				};
			};
			buildConfigurationList = 92C3CD44261D39CD0089B7C5 /* Build configuration list for PBXProject "BookStore_2" */;
			compatibilityVersion = "Xcode 9.3";
			developmentRegion = en;
			hasScannedForEncodings = 0;
			knownRegions = (
				en,
				Base,
			);
			mainGroup = 92C3CD40261D39CD0089B7C5;
			productRefGroup = 92C3CD4A261D39CD0089B7C5 /* Products */;
			projectDirPath = "";
			projectRoot = "";
			targets = (
				92C3CD48261D39CD0089B7C5 /* BookStore_2 */,
			);
		};
/* End PBXProject section */

/* Begin PBXResourcesBuildPhase section */
		92C3CD47261D39CD0089B7C5 /* Resources */ = {
			isa = PBXResourcesBuildPhase;
			buildActionMask = 2147483647;
			files = (
				92C3CD5C261D39CF0089B7C5 /* LaunchScreen.storyboard in Resources */,
				92C3CD59261D39CF0089B7C5 /* Assets.xcassets in Resources */,
				92C3CD54261D39CD0089B7C5 /* Main.storyboard in Resources */,
			);
			runOnlyForDeploymentPostprocessing = 0;
		};
/* End PBXResourcesBuildPhase section */

/* Begin PBXSourcesBuildPhase section */
		92C3CD45261D39CD0089B7C5 /* Sources */ = {
			isa = PBXSourcesBuildPhase;
			buildActionMask = 2147483647;
			files = (
				92C3CD51261D39CD0089B7C5 /* ViewController.swift in Sources */,
				92C3CD57261D39CD0089B7C5 /* BookStore_2.xcdatamodeld in Sources */,
				92C3CD4D261D39CD0089B7C5 /* AppDelegate.swift in Sources */,
				92C3CD4F261D39CD0089B7C5 /* SceneDelegate.swift in Sources */,
			);
			runOnlyForDeploymentPostprocessing = 0;
		};
/* End PBXSourcesBuildPhase section */

/* Begin PBXVariantGroup section */
		92C3CD52261D39CD0089B7C5 /* Main.storyboard */ = {
			isa = PBXVariantGroup;
			children = (
				92C3CD53261D39CD0089B7C5 /* Base */,
			);
			name = Main.storyboard;
			sourceTree = "<group>";
		};
		92C3CD5A261D39CF0089B7C5 /* LaunchScreen.storyboard */ = {
			isa = PBXVariantGroup;
			children = (
				92C3CD5B261D39CF0089B7C5 /* Base */,
			);
			name = LaunchScreen.storyboard;
			sourceTree = "<group>";
		};
/* End PBXVariantGroup section */

/* Begin XCBuildConfiguration section */
		92C3CD5E261D39CF0089B7C5 /* Debug */ = {
			isa = XCBuildConfiguration;
			buildSettings = {
				ALWAYS_SEARCH_USER_PATHS = NO;
				CLANG_ANALYZER_NONNULL = YES;
				CLANG_ANALYZER_NUMBER_OBJECT_CONVERSION = YES_AGGRESSIVE;
				CLANG_CXX_LANGUAGE_STANDARD = "gnu++14";
				CLANG_CXX_LIBRARY = "libc++";
				CLANG_ENABLE_MODULES = YES;
				CLANG_ENABLE_OBJC_ARC = YES;
				CLANG_ENABLE_OBJC_WEAK = YES;
				CLANG_WARN_BLOCK_CAPTURE_AUTORELEASING = YES;
				CLANG_WARN_BOOL_CONVERSION = YES;
				CLANG_WARN_COMMA = YES;
				CLANG_WARN_CONSTANT_CONVERSION = YES;
				CLANG_WARN_DEPRECATED_OBJC_IMPLEMENTATIONS = YES;
				CLANG_WARN_DIRECT_OBJC_ISA_USAGE = YES_ERROR;
				CLANG_WARN_DOCUMENTATION_COMMENTS = YES;
				CLANG_WARN_EMPTY_BODY = YES;
				CLANG_WARN_ENUM_CONVERSION = YES;
				CLANG_WARN_INFINITE_RECURSION = YES;
				CLANG_WARN_INT_CONVERSION = YES;
				CLANG_WARN_NON_LITERAL_NULL_CONVERSION = YES;
				CLANG_WARN_OBJC_IMPLICIT_RETAIN_SELF = YES;
				CLANG_WARN_OBJC_LITERAL_CONVERSION = YES;
				CLANG_WARN_OBJC_ROOT_CLASS = YES_ERROR;
				CLANG_WARN_QUOTED_INCLUDE_IN_FRAMEWORK_HEADER = YES;
				CLANG_WARN_RANGE_LOOP_ANALYSIS = YES;
				CLANG_WARN_STRICT_PROTOTYPES = YES;
				CLANG_WARN_SUSPICIOUS_MOVE = YES;
				CLANG_WARN_UNGUARDED_AVAILABILITY = YES_AGGRESSIVE;
				CLANG_WARN_UNREACHABLE_CODE = YES;
				CLANG_WARN__DUPLICATE_METHOD_MATCH = YES;
				COPY_PHASE_STRIP = NO;
				DEBUG_INFORMATION_FORMAT = dwarf;
				ENABLE_STRICT_OBJC_MSGSEND = YES;
				ENABLE_TESTABILITY = YES;
				GCC_C_LANGUAGE_STANDARD = gnu11;
				GCC_DYNAMIC_NO_PIC = NO;
				GCC_NO_COMMON_BLOCKS = YES;
				GCC_OPTIMIZATION_LEVEL = 0;
				GCC_PREPROCESSOR_DEFINITIONS = (
					"DEBUG=1",
					"$(inherited)",
				);
				GCC_WARN_64_TO_32_BIT_CONVERSION = YES;
				GCC_WARN_ABOUT_RETURN_TYPE = YES_ERROR;
				GCC_WARN_UNDECLARED_SELECTOR = YES;
				GCC_WARN_UNINITIALIZED_AUTOS = YES_AGGRESSIVE;
				GCC_WARN_UNUSED_FUNCTION = YES;
				GCC_WARN_UNUSED_VARIABLE = YES;
				IPHONEOS_DEPLOYMENT_TARGET = 14.0;
				MTL_ENABLE_DEBUG_INFO = INCLUDE_SOURCE;
				MTL_FAST_MATH = YES;
				ONLY_ACTIVE_ARCH = YES;
				SDKROOT = iphoneos;
				SWIFT_ACTIVE_COMPILATION_CONDITIONS = DEBUG;
				SWIFT_OPTIMIZATION_LEVEL = "-Onone";
			};
			name = Debug;
		};
		92C3CD5F261D39CF0089B7C5 /* Release */ = {
			isa = XCBuildConfiguration;
			buildSettings = {
				ALWAYS_SEARCH_USER_PATHS = NO;
				CLANG_ANALYZER_NONNULL = YES;
				CLANG_ANALYZER_NUMBER_OBJECT_CONVERSION = YES_AGGRESSIVE;
				CLANG_CXX_LANGUAGE_STANDARD = "gnu++14";
				CLANG_CXX_LIBRARY = "libc++";
				CLANG_ENABLE_MODULES = YES;
				CLANG_ENABLE_OBJC_ARC = YES;
				CLANG_ENABLE_OBJC_WEAK = YES;
				CLANG_WARN_BLOCK_CAPTURE_AUTORELEASING = YES;
				CLANG_WARN_BOOL_CONVERSION = YES;
				CLANG_WARN_COMMA = YES;
				CLANG_WARN_CONSTANT_CONVERSION = YES;
				CLANG_WARN_DEPRECATED_OBJC_IMPLEMENTATIONS = YES;
				CLANG_WARN_DIRECT_OBJC_ISA_USAGE = YES_ERROR;
				CLANG_WARN_DOCUMENTATION_COMMENTS = YES;
				CLANG_WARN_EMPTY_BODY = YES;
				CLANG_WARN_ENUM_CONVERSION = YES;
				CLANG_WARN_INFINITE_RECURSION = YES;
				CLANG_WARN_INT_CONVERSION = YES;
				CLANG_WARN_NON_LITERAL_NULL_CONVERSION = YES;
				CLANG_WARN_OBJC_IMPLICIT_RETAIN_SELF = YES;
				CLANG_WARN_OBJC_LITERAL_CONVERSION = YES;
				CLANG_WARN_OBJC_ROOT_CLASS = YES_ERROR;
				CLANG_WARN_QUOTED_INCLUDE_IN_FRAMEWORK_HEADER = YES;
				CLANG_WARN_RANGE_LOOP_ANALYSIS = YES;
				CLANG_WARN_STRICT_PROTOTYPES = YES;
				CLANG_WARN_SUSPICIOUS_MOVE = YES;
				CLANG_WARN_UNGUARDED_AVAILABILITY = YES_AGGRESSIVE;
				CLANG_WARN_UNREACHABLE_CODE = YES;
				CLANG_WARN__DUPLICATE_METHOD_MATCH = YES;
				COPY_PHASE_STRIP = NO;
				DEBUG_INFORMATION_FORMAT = "dwarf-with-dsym";
				ENABLE_NS_ASSERTIONS = NO;
				ENABLE_STRICT_OBJC_MSGSEND = YES;
				GCC_C_LANGUAGE_STANDARD = gnu11;
				GCC_NO_COMMON_BLOCKS = YES;
				GCC_WARN_64_TO_32_BIT_CONVERSION = YES;
				GCC_WARN_ABOUT_RETURN_TYPE = YES_ERROR;
				GCC_WARN_UNDECLARED_SELECTOR = YES;
				GCC_WARN_UNINITIALIZED_AUTOS = YES_AGGRESSIVE;
				GCC_WARN_UNUSED_FUNCTION = YES;
				GCC_WARN_UNUSED_VARIABLE = YES;
				IPHONEOS_DEPLOYMENT_TARGET = 14.0;
				MTL_ENABLE_DEBUG_INFO = NO;
				MTL_FAST_MATH = YES;
				SDKROOT = iphoneos;
				SWIFT_COMPILATION_MODE = wholemodule;
				SWIFT_OPTIMIZATION_LEVEL = "-O";
				VALIDATE_PRODUCT = YES;
			};
			name = Release;
		};
		92C3CD61261D39CF0089B7C5 /* Debug */ = {
			isa = XCBuildConfiguration;
			buildSettings = {
				ASSETCATALOG_COMPILER_APPICON_NAME = AppIcon;
				ASSETCATALOG_COMPILER_GLOBAL_ACCENT_COLOR_NAME = AccentColor;
				CODE_SIGN_STYLE = Automatic;
				INFOPLIST_FILE = BookStore_2/Info.plist;
				LD_RUNPATH_SEARCH_PATHS = (
					"$(inherited)",
					"@executable_path/Frameworks",
				);
				PRODUCT_BUNDLE_IDENTIFIER = "tec.BookStore-2";
				PRODUCT_NAME = "$(TARGET_NAME)";
				SWIFT_VERSION = 5.0;
				TARGETED_DEVICE_FAMILY = "1,2";
			};
			name = Debug;
		};
		92C3CD62261D39CF0089B7C5 /* Release */ = {
			isa = XCBuildConfiguration;
			buildSettings = {
				ASSETCATALOG_COMPILER_APPICON_NAME = AppIcon;
				ASSETCATALOG_COMPILER_GLOBAL_ACCENT_COLOR_NAME = AccentColor;
				CODE_SIGN_STYLE = Automatic;
				INFOPLIST_FILE = BookStore_2/Info.plist;
				LD_RUNPATH_SEARCH_PATHS = (
					"$(inherited)",
					"@executable_path/Frameworks",
				);
				PRODUCT_BUNDLE_IDENTIFIER = "tec.BookStore-2";
				PRODUCT_NAME = "$(TARGET_NAME)";
				SWIFT_VERSION = 5.0;
				TARGETED_DEVICE_FAMILY = "1,2";
			};
			name = Release;
		};
/* End XCBuildConfiguration section */

/* Begin XCConfigurationList section */
		92C3CD44261D39CD0089B7C5 /* Build configuration list for PBXProject "BookStore_2" */ = {
			isa = XCConfigurationList;
			buildConfigurations = (
				92C3CD5E261D39CF0089B7C5 /* Debug */,
				92C3CD5F261D39CF0089B7C5 /* Release */,
			);
			defaultConfigurationIsVisible = 0;
			defaultConfigurationName = Release;
		};
		92C3CD60261D39CF0089B7C5 /* Build configuration list for PBXNativeTarget "BookStore_2" */ = {
			isa = XCConfigurationList;
			buildConfigurations = (
				92C3CD61261D39CF0089B7C5 /* Debug */,
				92C3CD62261D39CF0089B7C5 /* Release */,
			);
			defaultConfigurationIsVisible = 0;
			defaultConfigurationName = Release;
		};
/* End XCConfigurationList section */

/* Begin XCVersionGroup section */
		92C3CD55261D39CD0089B7C5 /* BookStore_2.xcdatamodeld */ = {
			isa = XCVersionGroup;
			children = (
				92C3CD56261D39CD0089B7C5 /* BookStore_2.xcdatamodel */,
			);
			currentVersion = 92C3CD56261D39CD0089B7C5 /* BookStore_2.xcdatamodel */;
			path = BookStore_2.xcdatamodeld;
			sourceTree = "<group>";
			versionGroupType = wrapper.xcdatamodel;
		};
/* End XCVersionGroup section */
	};
	rootObject = 92C3CD41261D39CD0089B7C5 /* Project object */;
}
